// !$*UTF8*$!
{
	archiveVersion = 1;
	classes = {
	};
	objectVersion = 50;
	objects = {

/* Begin PBXBuildFile section */
		020EF3D92100812200081561 /* AppDelegate+SXTUmeng.m in Sources */ = {isa = PBXBuildFile; fileRef = 020EF3D82100812200081561 /* AppDelegate+SXTUmeng.m */; };
		020EF3E12100850400081561 /* libsqlite3.tbd in Frameworks */ = {isa = PBXBuildFile; fileRef = 020EF3E02100850400081561 /* libsqlite3.tbd */; };
		020EF3E3210086F500081561 /* UMCommon.framework in Frameworks */ = {isa = PBXBuildFile; fileRef = 020EF3E2210086F400081561 /* UMCommon.framework */; };
		020EF3E52100870E00081561 /* UMShare.framework in Frameworks */ = {isa = PBXBuildFile; fileRef = 020EF3E42100870E00081561 /* UMShare.framework */; };
		020EF3E92100875200081561 /* libSocialSina.a in Frameworks */ = {isa = PBXBuildFile; fileRef = 020EF3E72100875100081561 /* libSocialSina.a */; };
		020EF3ED210087A200081561 /* UMSocialSDKResources.bundle in Resources */ = {isa = PBXBuildFile; fileRef = 020EF3EB210087A200081561 /* UMSocialSDKResources.bundle */; };
		020EF3EE210087A200081561 /* UShareUI.framework in Frameworks */ = {isa = PBXBuildFile; fileRef = 020EF3EC210087A200081561 /* UShareUI.framework */; };
		020EF3F0210087E500081561 /* Photos.framework in Frameworks */ = {isa = PBXBuildFile; fileRef = 020EF3EF210087E500081561 /* Photos.framework */; };
		020EF3F22100880400081561 /* CoreTelephony.framework in Frameworks */ = {isa = PBXBuildFile; fileRef = 020EF3F12100880400081561 /* CoreTelephony.framework */; };
		020EF3F42100880F00081561 /* SystemConfiguration.framework in Frameworks */ = {isa = PBXBuildFile; fileRef = 020EF3F32100880E00081561 /* SystemConfiguration.framework */; };
		020EF3F62100881900081561 /* ImageIO.framework in Frameworks */ = {isa = PBXBuildFile; fileRef = 020EF3F52100881900081561 /* ImageIO.framework */; };
		020EF3F9210095AC00081561 /* SXTUserHelper.m in Sources */ = {isa = PBXBuildFile; fileRef = 020EF3F7210095AC00081561 /* SXTUserHelper.m */; };
		021567D62105D3EE0099A88F /* SXTMeViewController.m in Sources */ = {isa = PBXBuildFile; fileRef = 021567D42105D3EE0099A88F /* SXTMeViewController.m */; };
		021567D72105D3EE0099A88F /* SXTMeViewController.xib in Resources */ = {isa = PBXBuildFile; fileRef = 021567D52105D3EE0099A88F /* SXTMeViewController.xib */; };
		021567DC2105D46D0099A88F /* SXTMeInfoView.m in Sources */ = {isa = PBXBuildFile; fileRef = 021567DB2105D46D0099A88F /* SXTMeInfoView.m */; };
		021567DE2105D4840099A88F /* SXTMeInfoView.xib in Resources */ = {isa = PBXBuildFile; fileRef = 021567DD2105D4840099A88F /* SXTMeInfoView.xib */; };
		023A902820FDC87200AD130C /* AppDelegate.m in Sources */ = {isa = PBXBuildFile; fileRef = 023A902720FDC87200AD130C /* AppDelegate.m */; };
		023A902B20FDC87200AD130C /* ViewController.m in Sources */ = {isa = PBXBuildFile; fileRef = 023A902A20FDC87200AD130C /* ViewController.m */; };
		023A902E20FDC87200AD130C /* Main.storyboard in Resources */ = {isa = PBXBuildFile; fileRef = 023A902C20FDC87200AD130C /* Main.storyboard */; };
		023A903020FDC87A00AD130C /* Assets.xcassets in Resources */ = {isa = PBXBuildFile; fileRef = 023A902F20FDC87A00AD130C /* Assets.xcassets */; };
		023A903320FDC87A00AD130C /* LaunchScreen.storyboard in Resources */ = {isa = PBXBuildFile; fileRef = 023A903120FDC87A00AD130C /* LaunchScreen.storyboard */; };
		023A903620FDC87A00AD130C /* main.m in Sources */ = {isa = PBXBuildFile; fileRef = 023A903520FDC87A00AD130C /* main.m */; };
		023A904C20FDDC8800AD130C /* SXTTabBarViewController.m in Sources */ = {isa = PBXBuildFile; fileRef = 023A904B20FDDC8800AD130C /* SXTTabBarViewController.m */; };
		023A904F20FDDCB100AD130C /* SXTTabBar.m in Sources */ = {isa = PBXBuildFile; fileRef = 023A904E20FDDCB100AD130C /* SXTTabBar.m */; };
		023A905620FDE49400AD130C /* BaseViewController.m in Sources */ = {isa = PBXBuildFile; fileRef = 023A905520FDE49400AD130C /* BaseViewController.m */; };
		023A905A20FDE4B800AD130C /* SXTMainController.m in Sources */ = {isa = PBXBuildFile; fileRef = 023A905820FDE4B800AD130C /* SXTMainController.m */; };
		023A905B20FDE4B800AD130C /* SXTMainController.xib in Resources */ = {isa = PBXBuildFile; fileRef = 023A905920FDE4B800AD130C /* SXTMainController.xib */; };
		023A905F20FDE4D800AD130C /* SXTMeController.m in Sources */ = {isa = PBXBuildFile; fileRef = 023A905D20FDE4D800AD130C /* SXTMeController.m */; };
		023A906020FDE4D800AD130C /* SXTMeController.xib in Resources */ = {isa = PBXBuildFile; fileRef = 023A905E20FDE4D800AD130C /* SXTMeController.xib */; };
		023A906320FDE5E800AD130C /* SXTNaVigationController.m in Sources */ = {isa = PBXBuildFile; fileRef = 023A906220FDE5E800AD130C /* SXTNaVigationController.m */; };
		023A906720FDF59F00AD130C /* SXTLauchViewController.m in Sources */ = {isa = PBXBuildFile; fileRef = 023A906520FDF59E00AD130C /* SXTLauchViewController.m */; };
		023A906820FDF59F00AD130C /* SXTLauchViewController.xib in Resources */ = {isa = PBXBuildFile; fileRef = 023A906620FDF59E00AD130C /* SXTLauchViewController.xib */; };
		023A906C20FDFCFD00AD130C /* XSTFucusViewController.m in Sources */ = {isa = PBXBuildFile; fileRef = 023A906A20FDFCFD00AD130C /* XSTFucusViewController.m */; };
		023A906D20FDFCFD00AD130C /* XSTFucusViewController.xib in Resources */ = {isa = PBXBuildFile; fileRef = 023A906B20FDFCFD00AD130C /* XSTFucusViewController.xib */; };
		023A907120FDFD1F00AD130C /* SXTHotViewController.m in Sources */ = {isa = PBXBuildFile; fileRef = 023A906F20FDFD1F00AD130C /* SXTHotViewController.m */; };
		023A907620FDFD4000AD130C /* SXTNearViewController.m in Sources */ = {isa = PBXBuildFile; fileRef = 023A907420FDFD4000AD130C /* SXTNearViewController.m */; };
		023A907720FDFD4000AD130C /* SXTNearViewController.xib in Resources */ = {isa = PBXBuildFile; fileRef = 023A907520FDFD4000AD130C /* SXTNearViewController.xib */; };
		023A907A20FE08A300AD130C /* SXTMainTopView.m in Sources */ = {isa = PBXBuildFile; fileRef = 023A907920FE08A300AD130C /* SXTMainTopView.m */; };
		027871E620FEDEAB00C306AE /* UIImageView+SDWebImage.m in Sources */ = {isa = PBXBuildFile; fileRef = 027871E520FEDEAB00C306AE /* UIImageView+SDWebImage.m */; };
		027871E920FEE3DE00C306AE /* HttpTool.m in Sources */ = {isa = PBXBuildFile; fileRef = 027871E820FEE3DE00C306AE /* HttpTool.m */; };
		027871EC20FEE95100C306AE /* SXTBaseHandle.m in Sources */ = {isa = PBXBuildFile; fileRef = 027871EB20FEE95100C306AE /* SXTBaseHandle.m */; };
		027871EF20FEEAA900C306AE /* SXTLiveHandler.m in Sources */ = {isa = PBXBuildFile; fileRef = 027871EE20FEEAA900C306AE /* SXTLiveHandler.m */; };
		027871F220FEF08600C306AE /* SXTLive.m in Sources */ = {isa = PBXBuildFile; fileRef = 027871F120FEF08600C306AE /* SXTLive.m */; };
		027871F520FEF0DA00C306AE /* SXTCreater.m in Sources */ = {isa = PBXBuildFile; fileRef = 027871F420FEF0DA00C306AE /* SXTCreater.m */; };
		027871F820FEF30800C306AE /* MJExtensionConfig.m in Sources */ = {isa = PBXBuildFile; fileRef = 027871F720FEF30800C306AE /* MJExtensionConfig.m */; };
		027871FC20FF0CE700C306AE /* SXTLiveCell.m in Sources */ = {isa = PBXBuildFile; fileRef = 027871FA20FF0CE700C306AE /* SXTLiveCell.m */; };
		027871FD20FF0CE700C306AE /* SXTLiveCell.xib in Resources */ = {isa = PBXBuildFile; fileRef = 027871FB20FF0CE700C306AE /* SXTLiveCell.xib */; };
		027871FF20FF310000C306AE /* SXTHotViewController.xib in Resources */ = {isa = PBXBuildFile; fileRef = 027871FE20FF310000C306AE /* SXTHotViewController.xib */; };
		0278720120FF3B2600C306AE /* AVFoundation.framework in Frameworks */ = {isa = PBXBuildFile; fileRef = 0278720020FF3B2600C306AE /* AVFoundation.framework */; };
		0278720520FF3D3200C306AE /* AudioToolbox.framework in Frameworks */ = {isa = PBXBuildFile; fileRef = 0278720420FF3D3200C306AE /* AudioToolbox.framework */; };
		0278720720FF3D3F00C306AE /* CoreGraphics.framework in Frameworks */ = {isa = PBXBuildFile; fileRef = 0278720620FF3D3F00C306AE /* CoreGraphics.framework */; };
		0278720B20FF3D6200C306AE /* CoreMedia.framework in Frameworks */ = {isa = PBXBuildFile; fileRef = 0278720A20FF3D6200C306AE /* CoreMedia.framework */; };
		0278720D20FF3D6E00C306AE /* CoreVideo.framework in Frameworks */ = {isa = PBXBuildFile; fileRef = 0278720C20FF3D6E00C306AE /* CoreVideo.framework */; };
		0278720F20FF3D7D00C306AE /* libbz2.tbd in Frameworks */ = {isa = PBXBuildFile; fileRef = 0278720E20FF3D7D00C306AE /* libbz2.tbd */; };
		0278721120FF3D8900C306AE /* libz.tbd in Frameworks */ = {isa = PBXBuildFile; fileRef = 0278721020FF3D8900C306AE /* libz.tbd */; };
		0278721320FF3D9900C306AE /* MediaPlayer.framework in Frameworks */ = {isa = PBXBuildFile; fileRef = 0278721220FF3D9900C306AE /* MediaPlayer.framework */; };
		0278721520FF3DA600C306AE /* MobileCoreServices.framework in Frameworks */ = {isa = PBXBuildFile; fileRef = 0278721420FF3DA600C306AE /* MobileCoreServices.framework */; };
		0278721720FF3DB000C306AE /* OpenGLES.framework in Frameworks */ = {isa = PBXBuildFile; fileRef = 0278721620FF3DB000C306AE /* OpenGLES.framework */; };
		0278721920FF3DBC00C306AE /* QuartzCore.framework in Frameworks */ = {isa = PBXBuildFile; fileRef = 0278721820FF3DBB00C306AE /* QuartzCore.framework */; };
		0278721B20FF3DC600C306AE /* UIKit.framework in Frameworks */ = {isa = PBXBuildFile; fileRef = 0278721A20FF3DC600C306AE /* UIKit.framework */; };
		0278721D20FF3DDA00C306AE /* VideoToolbox.framework in Frameworks */ = {isa = PBXBuildFile; fileRef = 0278721C20FF3DDA00C306AE /* VideoToolbox.framework */; };
		0278793120FF418C00C306AE /* IJKMediaFramework.framework in Frameworks */ = {isa = PBXBuildFile; fileRef = 0278793020FF418C00C306AE /* IJKMediaFramework.framework */; };
		0278793420FF421A00C306AE /* SXTPlayerViewController.m in Sources */ = {isa = PBXBuildFile; fileRef = 0278793320FF421A00C306AE /* SXTPlayerViewController.m */; };
		0278793820FF50E200C306AE /* SXTChatViewController.m in Sources */ = {isa = PBXBuildFile; fileRef = 0278793620FF50E200C306AE /* SXTChatViewController.m */; };
		0278793920FF50E200C306AE /* SXTChatViewController.xib in Resources */ = {isa = PBXBuildFile; fileRef = 0278793720FF50E200C306AE /* SXTChatViewController.xib */; };
		0278793E20FF5D6B00C306AE /* SXTLocationManager.m in Sources */ = {isa = PBXBuildFile; fileRef = 0278793D20FF5D6B00C306AE /* SXTLocationManager.m */; };
		0278794220FF6AEE00C306AE /* SXTNearCollectionCell.m in Sources */ = {isa = PBXBuildFile; fileRef = 0278794020FF6AEE00C306AE /* SXTNearCollectionCell.m */; };
		0278794320FF6AEE00C306AE /* SXTNearCollectionCell.xib in Resources */ = {isa = PBXBuildFile; fileRef = 0278794120FF6AEE00C306AE /* SXTNearCollectionCell.xib */; };
		028BE8D02105E71F002F9788 /* SXTSetting.m in Sources */ = {isa = PBXBuildFile; fileRef = 028BE8CF2105E71F002F9788 /* SXTSetting.m */; };
		02A6D72D21001E81004492BA /* SXTAdvertise.m in Sources */ = {isa = PBXBuildFile; fileRef = 02A6D72C21001E81004492BA /* SXTAdvertise.m */; };
		02A6D73021001FD0004492BA /* SXTAdvertiseView.m in Sources */ = {isa = PBXBuildFile; fileRef = 02A6D72F21001FD0004492BA /* SXTAdvertiseView.m */; };
		02A6D73221002028004492BA /* SXTAdvertiseView.xib in Resources */ = {isa = PBXBuildFile; fileRef = 02A6D73121002028004492BA /* SXTAdvertiseView.xib */; };
		02A6D736210021F7004492BA /* NSString+CachePath.m in Sources */ = {isa = PBXBuildFile; fileRef = 02A6D735210021F7004492BA /* NSString+CachePath.m */; };
		02A6D73A210022C5004492BA /* SXTCacheHelper.m in Sources */ = {isa = PBXBuildFile; fileRef = 02A6D739210022C5004492BA /* SXTCacheHelper.m */; };
		02A6D73D21006648004492BA /* LFLivePreview.m in Sources */ = {isa = PBXBuildFile; fileRef = 02A6D73B21006647004492BA /* LFLivePreview.m */; };
		02F6972120FE14520045203C /* SXTLoginViewController.m in Sources */ = {isa = PBXBuildFile; fileRef = 02F6971F20FE14520045203C /* SXTLoginViewController.m */; };
		02F6972220FE14520045203C /* SXTLoginViewController.xib in Resources */ = {isa = PBXBuildFile; fileRef = 02F6972020FE14520045203C /* SXTLoginViewController.xib */; };
		953BFA54090E4856F3D2683D /* libPods-InkePlayer.a in Frameworks */ = {isa = PBXBuildFile; fileRef = B37ECD0F5C5B3337F1ED0BE2 /* libPods-InkePlayer.a */; };
/* End PBXBuildFile section */

/* Begin PBXFileReference section */
		020EF3D72100812200081561 /* AppDelegate+SXTUmeng.h */ = {isa = PBXFileReference; lastKnownFileType = sourcecode.c.h; path = "AppDelegate+SXTUmeng.h"; sourceTree = "<group>"; };
		020EF3D82100812200081561 /* AppDelegate+SXTUmeng.m */ = {isa = PBXFileReference; lastKnownFileType = sourcecode.c.objc; path = "AppDelegate+SXTUmeng.m"; sourceTree = "<group>"; };
		020EF3E02100850400081561 /* libsqlite3.tbd */ = {isa = PBXFileReference; lastKnownFileType = "sourcecode.text-based-dylib-definition"; name = libsqlite3.tbd; path = usr/lib/libsqlite3.tbd; sourceTree = SDKROOT; };
		020EF3E2210086F400081561 /* UMCommon.framework */ = {isa = PBXFileReference; lastKnownFileType = wrapper.framework; name = UMCommon.framework; path = ../../Downloads/1854621883/iOS/common/common_ios_1.5.2/normal/UMCommon.framework; sourceTree = "<group>"; };
		020EF3E42100870E00081561 /* UMShare.framework */ = {isa = PBXFileReference; lastKnownFileType = wrapper.framework; name = UMShare.framework; path = ../../Downloads/1854621883/iOS/share/share_ios_6.9.4/UMShare.framework; sourceTree = "<group>"; };
		020EF3E72100875100081561 /* libSocialSina.a */ = {isa = PBXFileReference; lastKnownFileType = archive.ar; path = libSocialSina.a; sourceTree = "<group>"; };
		020EF3E82100875100081561 /* UMSocialSinaHandler.h */ = {isa = PBXFileReference; fileEncoding = 4; lastKnownFileType = sourcecode.c.h; path = UMSocialSinaHandler.h; sourceTree = "<group>"; };
		020EF3EB210087A200081561 /* UMSocialSDKResources.bundle */ = {isa = PBXFileReference; lastKnownFileType = "wrapper.plug-in"; path = UMSocialSDKResources.bundle; sourceTree = "<group>"; };
		020EF3EC210087A200081561 /* UShareUI.framework */ = {isa = PBXFileReference; lastKnownFileType = wrapper.framework; path = UShareUI.framework; sourceTree = "<group>"; };
		020EF3EF210087E500081561 /* Photos.framework */ = {isa = PBXFileReference; lastKnownFileType = wrapper.framework; name = Photos.framework; path = System/Library/Frameworks/Photos.framework; sourceTree = SDKROOT; };
		020EF3F12100880400081561 /* CoreTelephony.framework */ = {isa = PBXFileReference; lastKnownFileType = wrapper.framework; name = CoreTelephony.framework; path = System/Library/Frameworks/CoreTelephony.framework; sourceTree = SDKROOT; };
		020EF3F32100880E00081561 /* SystemConfiguration.framework */ = {isa = PBXFileReference; lastKnownFileType = wrapper.framework; name = SystemConfiguration.framework; path = System/Library/Frameworks/SystemConfiguration.framework; sourceTree = SDKROOT; };
		020EF3F52100881900081561 /* ImageIO.framework */ = {isa = PBXFileReference; lastKnownFileType = wrapper.framework; name = ImageIO.framework; path = System/Library/Frameworks/ImageIO.framework; sourceTree = SDKROOT; };
		020EF3F7210095AC00081561 /* SXTUserHelper.m */ = {isa = PBXFileReference; fileEncoding = 4; lastKnownFileType = sourcecode.c.objc; path = SXTUserHelper.m; sourceTree = "<group>"; };
		020EF3F8210095AC00081561 /* SXTUserHelper.h */ = {isa = PBXFileReference; fileEncoding = 4; lastKnownFileType = sourcecode.c.h; path = SXTUserHelper.h; sourceTree = "<group>"; };
		021567D32105D3EE0099A88F /* SXTMeViewController.h */ = {isa = PBXFileReference; lastKnownFileType = sourcecode.c.h; path = SXTMeViewController.h; sourceTree = "<group>"; };
		021567D42105D3EE0099A88F /* SXTMeViewController.m */ = {isa = PBXFileReference; lastKnownFileType = sourcecode.c.objc; path = SXTMeViewController.m; sourceTree = "<group>"; };
		021567D52105D3EE0099A88F /* SXTMeViewController.xib */ = {isa = PBXFileReference; lastKnownFileType = file.xib; path = SXTMeViewController.xib; sourceTree = "<group>"; };
		021567DA2105D46D0099A88F /* SXTMeInfoView.h */ = {isa = PBXFileReference; lastKnownFileType = sourcecode.c.h; path = SXTMeInfoView.h; sourceTree = "<group>"; };
		021567DB2105D46D0099A88F /* SXTMeInfoView.m */ = {isa = PBXFileReference; lastKnownFileType = sourcecode.c.objc; path = SXTMeInfoView.m; sourceTree = "<group>"; };
		021567DD2105D4840099A88F /* SXTMeInfoView.xib */ = {isa = PBXFileReference; lastKnownFileType = file.xib; path = SXTMeInfoView.xib; sourceTree = "<group>"; };
		023A902320FDC87200AD130C /* InkePlayer.app */ = {isa = PBXFileReference; explicitFileType = wrapper.application; includeInIndex = 0; path = InkePlayer.app; sourceTree = BUILT_PRODUCTS_DIR; };
		023A902620FDC87200AD130C /* AppDelegate.h */ = {isa = PBXFileReference; lastKnownFileType = sourcecode.c.h; path = AppDelegate.h; sourceTree = "<group>"; };
		023A902720FDC87200AD130C /* AppDelegate.m */ = {isa = PBXFileReference; lastKnownFileType = sourcecode.c.objc; path = AppDelegate.m; sourceTree = "<group>"; };
		023A902920FDC87200AD130C /* ViewController.h */ = {isa = PBXFileReference; lastKnownFileType = sourcecode.c.h; path = ViewController.h; sourceTree = "<group>"; };
		023A902A20FDC87200AD130C /* ViewController.m */ = {isa = PBXFileReference; lastKnownFileType = sourcecode.c.objc; path = ViewController.m; sourceTree = "<group>"; };
		023A902D20FDC87200AD130C /* Base */ = {isa = PBXFileReference; lastKnownFileType = file.storyboard; name = Base; path = Base.lproj/Main.storyboard; sourceTree = "<group>"; };
		023A902F20FDC87A00AD130C /* Assets.xcassets */ = {isa = PBXFileReference; lastKnownFileType = folder.assetcatalog; path = Assets.xcassets; sourceTree = "<group>"; };
		023A903220FDC87A00AD130C /* Base */ = {isa = PBXFileReference; lastKnownFileType = file.storyboard; name = Base; path = Base.lproj/LaunchScreen.storyboard; sourceTree = "<group>"; };
		023A903420FDC87A00AD130C /* Info.plist */ = {isa = PBXFileReference; lastKnownFileType = text.plist.xml; path = Info.plist; sourceTree = "<group>"; };
		023A903520FDC87A00AD130C /* main.m */ = {isa = PBXFileReference; lastKnownFileType = sourcecode.c.objc; path = main.m; sourceTree = "<group>"; };
		023A904620FDCC9400AD130C /* yingke.pch */ = {isa = PBXFileReference; lastKnownFileType = sourcecode.c.h; path = yingke.pch; sourceTree = "<group>"; };
		023A904920FDDB5D00AD130C /* Yingke.h */ = {isa = PBXFileReference; lastKnownFileType = sourcecode.c.h; path = Yingke.h; sourceTree = "<group>"; };
		023A904A20FDDC8800AD130C /* SXTTabBarViewController.h */ = {isa = PBXFileReference; lastKnownFileType = sourcecode.c.h; path = SXTTabBarViewController.h; sourceTree = "<group>"; };
		023A904B20FDDC8800AD130C /* SXTTabBarViewController.m */ = {isa = PBXFileReference; lastKnownFileType = sourcecode.c.objc; path = SXTTabBarViewController.m; sourceTree = "<group>"; };
		023A904D20FDDCB100AD130C /* SXTTabBar.h */ = {isa = PBXFileReference; lastKnownFileType = sourcecode.c.h; path = SXTTabBar.h; sourceTree = "<group>"; };
		023A904E20FDDCB100AD130C /* SXTTabBar.m */ = {isa = PBXFileReference; lastKnownFileType = sourcecode.c.objc; path = SXTTabBar.m; sourceTree = "<group>"; };
		023A905420FDE49400AD130C /* BaseViewController.h */ = {isa = PBXFileReference; lastKnownFileType = sourcecode.c.h; path = BaseViewController.h; sourceTree = "<group>"; };
		023A905520FDE49400AD130C /* BaseViewController.m */ = {isa = PBXFileReference; lastKnownFileType = sourcecode.c.objc; path = BaseViewController.m; sourceTree = "<group>"; };
		023A905720FDE4B800AD130C /* SXTMainController.h */ = {isa = PBXFileReference; lastKnownFileType = sourcecode.c.h; path = SXTMainController.h; sourceTree = "<group>"; };
		023A905820FDE4B800AD130C /* SXTMainController.m */ = {isa = PBXFileReference; lastKnownFileType = sourcecode.c.objc; path = SXTMainController.m; sourceTree = "<group>"; };
		023A905920FDE4B800AD130C /* SXTMainController.xib */ = {isa = PBXFileReference; lastKnownFileType = file.xib; path = SXTMainController.xib; sourceTree = "<group>"; };
		023A905C20FDE4D800AD130C /* SXTMeController.h */ = {isa = PBXFileReference; lastKnownFileType = sourcecode.c.h; path = SXTMeController.h; sourceTree = "<group>"; };
		023A905D20FDE4D800AD130C /* SXTMeController.m */ = {isa = PBXFileReference; lastKnownFileType = sourcecode.c.objc; path = SXTMeController.m; sourceTree = "<group>"; };
		023A905E20FDE4D800AD130C /* SXTMeController.xib */ = {isa = PBXFileReference; lastKnownFileType = file.xib; path = SXTMeController.xib; sourceTree = "<group>"; };
		023A906120FDE5E800AD130C /* SXTNaVigationController.h */ = {isa = PBXFileReference; lastKnownFileType = sourcecode.c.h; path = SXTNaVigationController.h; sourceTree = "<group>"; };
		023A906220FDE5E800AD130C /* SXTNaVigationController.m */ = {isa = PBXFileReference; lastKnownFileType = sourcecode.c.objc; path = SXTNaVigationController.m; sourceTree = "<group>"; };
		023A906420FDF59E00AD130C /* SXTLauchViewController.h */ = {isa = PBXFileReference; lastKnownFileType = sourcecode.c.h; path = SXTLauchViewController.h; sourceTree = "<group>"; };
		023A906520FDF59E00AD130C /* SXTLauchViewController.m */ = {isa = PBXFileReference; lastKnownFileType = sourcecode.c.objc; path = SXTLauchViewController.m; sourceTree = "<group>"; };
		023A906620FDF59E00AD130C /* SXTLauchViewController.xib */ = {isa = PBXFileReference; lastKnownFileType = file.xib; path = SXTLauchViewController.xib; sourceTree = "<group>"; };
		023A906920FDFCFD00AD130C /* XSTFucusViewController.h */ = {isa = PBXFileReference; lastKnownFileType = sourcecode.c.h; path = XSTFucusViewController.h; sourceTree = "<group>"; };
		023A906A20FDFCFD00AD130C /* XSTFucusViewController.m */ = {isa = PBXFileReference; lastKnownFileType = sourcecode.c.objc; path = XSTFucusViewController.m; sourceTree = "<group>"; };
		023A906B20FDFCFD00AD130C /* XSTFucusViewController.xib */ = {isa = PBXFileReference; lastKnownFileType = file.xib; path = XSTFucusViewController.xib; sourceTree = "<group>"; };
		023A906E20FDFD1F00AD130C /* SXTHotViewController.h */ = {isa = PBXFileReference; lastKnownFileType = sourcecode.c.h; path = SXTHotViewController.h; sourceTree = "<group>"; };
		023A906F20FDFD1F00AD130C /* SXTHotViewController.m */ = {isa = PBXFileReference; lastKnownFileType = sourcecode.c.objc; path = SXTHotViewController.m; sourceTree = "<group>"; };
		023A907320FDFD4000AD130C /* SXTNearViewController.h */ = {isa = PBXFileReference; lastKnownFileType = sourcecode.c.h; path = SXTNearViewController.h; sourceTree = "<group>"; };
		023A907420FDFD4000AD130C /* SXTNearViewController.m */ = {isa = PBXFileReference; lastKnownFileType = sourcecode.c.objc; path = SXTNearViewController.m; sourceTree = "<group>"; };
		023A907520FDFD4000AD130C /* SXTNearViewController.xib */ = {isa = PBXFileReference; lastKnownFileType = file.xib; path = SXTNearViewController.xib; sourceTree = "<group>"; };
		023A907820FE08A300AD130C /* SXTMainTopView.h */ = {isa = PBXFileReference; lastKnownFileType = sourcecode.c.h; path = SXTMainTopView.h; sourceTree = "<group>"; };
		023A907920FE08A300AD130C /* SXTMainTopView.m */ = {isa = PBXFileReference; lastKnownFileType = sourcecode.c.objc; path = SXTMainTopView.m; sourceTree = "<group>"; };
		027871E320FED9B600C306AE /* APIConfig.h */ = {isa = PBXFileReference; lastKnownFileType = sourcecode.c.h; path = APIConfig.h; sourceTree = "<group>"; };
		027871E420FEDEAB00C306AE /* UIImageView+SDWebImage.h */ = {isa = PBXFileReference; lastKnownFileType = sourcecode.c.h; path = "UIImageView+SDWebImage.h"; sourceTree = "<group>"; };
		027871E520FEDEAB00C306AE /* UIImageView+SDWebImage.m */ = {isa = PBXFileReference; lastKnownFileType = sourcecode.c.objc; path = "UIImageView+SDWebImage.m"; sourceTree = "<group>"; };
		027871E720FEE3DD00C306AE /* HttpTool.h */ = {isa = PBXFileReference; lastKnownFileType = sourcecode.c.h; path = HttpTool.h; sourceTree = "<group>"; };
		027871E820FEE3DE00C306AE /* HttpTool.m */ = {isa = PBXFileReference; lastKnownFileType = sourcecode.c.objc; path = HttpTool.m; sourceTree = "<group>"; };
		027871EA20FEE95100C306AE /* SXTBaseHandle.h */ = {isa = PBXFileReference; lastKnownFileType = sourcecode.c.h; path = SXTBaseHandle.h; sourceTree = "<group>"; };
		027871EB20FEE95100C306AE /* SXTBaseHandle.m */ = {isa = PBXFileReference; lastKnownFileType = sourcecode.c.objc; path = SXTBaseHandle.m; sourceTree = "<group>"; };
		027871ED20FEEAA900C306AE /* SXTLiveHandler.h */ = {isa = PBXFileReference; lastKnownFileType = sourcecode.c.h; path = SXTLiveHandler.h; sourceTree = "<group>"; };
		027871EE20FEEAA900C306AE /* SXTLiveHandler.m */ = {isa = PBXFileReference; lastKnownFileType = sourcecode.c.objc; path = SXTLiveHandler.m; sourceTree = "<group>"; };
		027871F020FEF08600C306AE /* SXTLive.h */ = {isa = PBXFileReference; lastKnownFileType = sourcecode.c.h; path = SXTLive.h; sourceTree = "<group>"; };
		027871F120FEF08600C306AE /* SXTLive.m */ = {isa = PBXFileReference; lastKnownFileType = sourcecode.c.objc; path = SXTLive.m; sourceTree = "<group>"; };
		027871F320FEF0DA00C306AE /* SXTCreater.h */ = {isa = PBXFileReference; lastKnownFileType = sourcecode.c.h; path = SXTCreater.h; sourceTree = "<group>"; };
		027871F420FEF0DA00C306AE /* SXTCreater.m */ = {isa = PBXFileReference; lastKnownFileType = sourcecode.c.objc; path = SXTCreater.m; sourceTree = "<group>"; };
		027871F620FEF30800C306AE /* MJExtensionConfig.h */ = {isa = PBXFileReference; lastKnownFileType = sourcecode.c.h; path = MJExtensionConfig.h; sourceTree = "<group>"; };
		027871F720FEF30800C306AE /* MJExtensionConfig.m */ = {isa = PBXFileReference; lastKnownFileType = sourcecode.c.objc; path = MJExtensionConfig.m; sourceTree = "<group>"; };
		027871F920FF0CE700C306AE /* SXTLiveCell.h */ = {isa = PBXFileReference; lastKnownFileType = sourcecode.c.h; path = SXTLiveCell.h; sourceTree = "<group>"; };
		027871FA20FF0CE700C306AE /* SXTLiveCell.m */ = {isa = PBXFileReference; lastKnownFileType = sourcecode.c.objc; path = SXTLiveCell.m; sourceTree = "<group>"; };
		027871FB20FF0CE700C306AE /* SXTLiveCell.xib */ = {isa = PBXFileReference; lastKnownFileType = file.xib; path = SXTLiveCell.xib; sourceTree = "<group>"; };
		027871FE20FF310000C306AE /* SXTHotViewController.xib */ = {isa = PBXFileReference; lastKnownFileType = file.xib; path = SXTHotViewController.xib; sourceTree = "<group>"; };
		0278720020FF3B2600C306AE /* AVFoundation.framework */ = {isa = PBXFileReference; lastKnownFileType = wrapper.framework; name = AVFoundation.framework; path = System/Library/Frameworks/AVFoundation.framework; sourceTree = SDKROOT; };
		0278720420FF3D3200C306AE /* AudioToolbox.framework */ = {isa = PBXFileReference; lastKnownFileType = wrapper.framework; name = AudioToolbox.framework; path = System/Library/Frameworks/AudioToolbox.framework; sourceTree = SDKROOT; };
		0278720620FF3D3F00C306AE /* CoreGraphics.framework */ = {isa = PBXFileReference; lastKnownFileType = wrapper.framework; name = CoreGraphics.framework; path = System/Library/Frameworks/CoreGraphics.framework; sourceTree = SDKROOT; };
		0278720820FF3D4C00C306AE /* CoreData.framework */ = {isa = PBXFileReference; lastKnownFileType = wrapper.framework; name = CoreData.framework; path = System/Library/Frameworks/CoreData.framework; sourceTree = SDKROOT; };
		0278720A20FF3D6200C306AE /* CoreMedia.framework */ = {isa = PBXFileReference; lastKnownFileType = wrapper.framework; name = CoreMedia.framework; path = System/Library/Frameworks/CoreMedia.framework; sourceTree = SDKROOT; };
		0278720C20FF3D6E00C306AE /* CoreVideo.framework */ = {isa = PBXFileReference; lastKnownFileType = wrapper.framework; name = CoreVideo.framework; path = System/Library/Frameworks/CoreVideo.framework; sourceTree = SDKROOT; };
		0278720E20FF3D7D00C306AE /* libbz2.tbd */ = {isa = PBXFileReference; lastKnownFileType = "sourcecode.text-based-dylib-definition"; name = libbz2.tbd; path = usr/lib/libbz2.tbd; sourceTree = SDKROOT; };
		0278721020FF3D8900C306AE /* libz.tbd */ = {isa = PBXFileReference; lastKnownFileType = "sourcecode.text-based-dylib-definition"; name = libz.tbd; path = usr/lib/libz.tbd; sourceTree = SDKROOT; };
		0278721220FF3D9900C306AE /* MediaPlayer.framework */ = {isa = PBXFileReference; lastKnownFileType = wrapper.framework; name = MediaPlayer.framework; path = System/Library/Frameworks/MediaPlayer.framework; sourceTree = SDKROOT; };
		0278721420FF3DA600C306AE /* MobileCoreServices.framework */ = {isa = PBXFileReference; lastKnownFileType = wrapper.framework; name = MobileCoreServices.framework; path = System/Library/Frameworks/MobileCoreServices.framework; sourceTree = SDKROOT; };
		0278721620FF3DB000C306AE /* OpenGLES.framework */ = {isa = PBXFileReference; lastKnownFileType = wrapper.framework; name = OpenGLES.framework; path = System/Library/Frameworks/OpenGLES.framework; sourceTree = SDKROOT; };
		0278721820FF3DBB00C306AE /* QuartzCore.framework */ = {isa = PBXFileReference; lastKnownFileType = wrapper.framework; name = QuartzCore.framework; path = System/Library/Frameworks/QuartzCore.framework; sourceTree = SDKROOT; };
		0278721A20FF3DC600C306AE /* UIKit.framework */ = {isa = PBXFileReference; lastKnownFileType = wrapper.framework; name = UIKit.framework; path = System/Library/Frameworks/UIKit.framework; sourceTree = SDKROOT; };
		0278721C20FF3DDA00C306AE /* VideoToolbox.framework */ = {isa = PBXFileReference; lastKnownFileType = wrapper.framework; name = VideoToolbox.framework; path = System/Library/Frameworks/VideoToolbox.framework; sourceTree = SDKROOT; };
		0278793020FF418C00C306AE /* IJKMediaFramework.framework */ = {isa = PBXFileReference; lastKnownFileType = wrapper.framework; path = IJKMediaFramework.framework; sourceTree = "<group>"; };
		0278793220FF421A00C306AE /* SXTPlayerViewController.h */ = {isa = PBXFileReference; lastKnownFileType = sourcecode.c.h; path = SXTPlayerViewController.h; sourceTree = "<group>"; };
		0278793320FF421A00C306AE /* SXTPlayerViewController.m */ = {isa = PBXFileReference; lastKnownFileType = sourcecode.c.objc; path = SXTPlayerViewController.m; sourceTree = "<group>"; };
		0278793520FF50E200C306AE /* SXTChatViewController.h */ = {isa = PBXFileReference; lastKnownFileType = sourcecode.c.h; path = SXTChatViewController.h; sourceTree = "<group>"; };
		0278793620FF50E200C306AE /* SXTChatViewController.m */ = {isa = PBXFileReference; lastKnownFileType = sourcecode.c.objc; path = SXTChatViewController.m; sourceTree = "<group>"; };
		0278793720FF50E200C306AE /* SXTChatViewController.xib */ = {isa = PBXFileReference; lastKnownFileType = file.xib; path = SXTChatViewController.xib; sourceTree = "<group>"; };
		0278793C20FF5D6B00C306AE /* SXTLocationManager.h */ = {isa = PBXFileReference; lastKnownFileType = sourcecode.c.h; path = SXTLocationManager.h; sourceTree = "<group>"; };
		0278793D20FF5D6B00C306AE /* SXTLocationManager.m */ = {isa = PBXFileReference; lastKnownFileType = sourcecode.c.objc; path = SXTLocationManager.m; sourceTree = "<group>"; };
		0278793F20FF6AEE00C306AE /* SXTNearCollectionCell.h */ = {isa = PBXFileReference; lastKnownFileType = sourcecode.c.h; path = SXTNearCollectionCell.h; sourceTree = "<group>"; };
		0278794020FF6AEE00C306AE /* SXTNearCollectionCell.m */ = {isa = PBXFileReference; lastKnownFileType = sourcecode.c.objc; path = SXTNearCollectionCell.m; sourceTree = "<group>"; };
		0278794120FF6AEE00C306AE /* SXTNearCollectionCell.xib */ = {isa = PBXFileReference; lastKnownFileType = file.xib; path = SXTNearCollectionCell.xib; sourceTree = "<group>"; };
		028BE8CE2105E71F002F9788 /* SXTSetting.h */ = {isa = PBXFileReference; lastKnownFileType = sourcecode.c.h; path = SXTSetting.h; sourceTree = "<group>"; };
		028BE8CF2105E71F002F9788 /* SXTSetting.m */ = {isa = PBXFileReference; lastKnownFileType = sourcecode.c.objc; path = SXTSetting.m; sourceTree = "<group>"; };
		02A6D72B21001E81004492BA /* SXTAdvertise.h */ = {isa = PBXFileReference; lastKnownFileType = sourcecode.c.h; path = SXTAdvertise.h; sourceTree = "<group>"; };
		02A6D72C21001E81004492BA /* SXTAdvertise.m */ = {isa = PBXFileReference; lastKnownFileType = sourcecode.c.objc; path = SXTAdvertise.m; sourceTree = "<group>"; };
		02A6D72E21001FD0004492BA /* SXTAdvertiseView.h */ = {isa = PBXFileReference; lastKnownFileType = sourcecode.c.h; path = SXTAdvertiseView.h; sourceTree = "<group>"; };
		02A6D72F21001FD0004492BA /* SXTAdvertiseView.m */ = {isa = PBXFileReference; lastKnownFileType = sourcecode.c.objc; path = SXTAdvertiseView.m; sourceTree = "<group>"; };
		02A6D73121002028004492BA /* SXTAdvertiseView.xib */ = {isa = PBXFileReference; lastKnownFileType = file.xib; path = SXTAdvertiseView.xib; sourceTree = "<group>"; };
		02A6D734210021F7004492BA /* NSString+CachePath.h */ = {isa = PBXFileReference; lastKnownFileType = sourcecode.c.h; path = "NSString+CachePath.h"; sourceTree = "<group>"; };
		02A6D735210021F7004492BA /* NSString+CachePath.m */ = {isa = PBXFileReference; lastKnownFileType = sourcecode.c.objc; path = "NSString+CachePath.m"; sourceTree = "<group>"; };
		02A6D738210022C5004492BA /* SXTCacheHelper.h */ = {isa = PBXFileReference; lastKnownFileType = sourcecode.c.h; path = SXTCacheHelper.h; sourceTree = "<group>"; };
		02A6D739210022C5004492BA /* SXTCacheHelper.m */ = {isa = PBXFileReference; lastKnownFileType = sourcecode.c.objc; path = SXTCacheHelper.m; sourceTree = "<group>"; };
		02A6D73B21006647004492BA /* LFLivePreview.m */ = {isa = PBXFileReference; fileEncoding = 4; lastKnownFileType = sourcecode.c.objc; path = LFLivePreview.m; sourceTree = "<group>"; };
		02A6D73C21006648004492BA /* LFLivePreview.h */ = {isa = PBXFileReference; fileEncoding = 4; lastKnownFileType = sourcecode.c.h; path = LFLivePreview.h; sourceTree = "<group>"; };
		02F6971E20FE14520045203C /* SXTLoginViewController.h */ = {isa = PBXFileReference; lastKnownFileType = sourcecode.c.h; path = SXTLoginViewController.h; sourceTree = "<group>"; };
		02F6971F20FE14520045203C /* SXTLoginViewController.m */ = {isa = PBXFileReference; lastKnownFileType = sourcecode.c.objc; path = SXTLoginViewController.m; sourceTree = "<group>"; };
		02F6972020FE14520045203C /* SXTLoginViewController.xib */ = {isa = PBXFileReference; lastKnownFileType = file.xib; path = SXTLoginViewController.xib; sourceTree = "<group>"; };
		3DB9B518D1C00361439CA32B /* Pods-InkePlayer.release.xcconfig */ = {isa = PBXFileReference; includeInIndex = 1; lastKnownFileType = text.xcconfig; name = "Pods-InkePlayer.release.xcconfig"; path = "Pods/Target Support Files/Pods-InkePlayer/Pods-InkePlayer.release.xcconfig"; sourceTree = "<group>"; };
		6B6B1CAE27E8FD5CECA70104 /* Pods-InkePlayer.debug.xcconfig */ = {isa = PBXFileReference; includeInIndex = 1; lastKnownFileType = text.xcconfig; name = "Pods-InkePlayer.debug.xcconfig"; path = "Pods/Target Support Files/Pods-InkePlayer/Pods-InkePlayer.debug.xcconfig"; sourceTree = "<group>"; };
		B37ECD0F5C5B3337F1ED0BE2 /* libPods-InkePlayer.a */ = {isa = PBXFileReference; explicitFileType = archive.ar; includeInIndex = 0; path = "libPods-InkePlayer.a"; sourceTree = BUILT_PRODUCTS_DIR; };
/* End PBXFileReference section */

/* Begin PBXFrameworksBuildPhase section */
		023A902020FDC87200AD130C /* Frameworks */ = {
			isa = PBXFrameworksBuildPhase;
			buildActionMask = 2147483647;
			files = (
				020EF3F0210087E500081561 /* Photos.framework in Frameworks */,
				0278721120FF3D8900C306AE /* libz.tbd in Frameworks */,
				020EF3F62100881900081561 /* ImageIO.framework in Frameworks */,
				020EF3F42100880F00081561 /* SystemConfiguration.framework in Frameworks */,
				020EF3F22100880400081561 /* CoreTelephony.framework in Frameworks */,
				0278720720FF3D3F00C306AE /* CoreGraphics.framework in Frameworks */,
				020EF3E12100850400081561 /* libsqlite3.tbd in Frameworks */,
				0278721D20FF3DDA00C306AE /* VideoToolbox.framework in Frameworks */,
				0278721B20FF3DC600C306AE /* UIKit.framework in Frameworks */,
				020EF3EE210087A200081561 /* UShareUI.framework in Frameworks */,
				0278721920FF3DBC00C306AE /* QuartzCore.framework in Frameworks */,
				020EF3E3210086F500081561 /* UMCommon.framework in Frameworks */,
				0278793120FF418C00C306AE /* IJKMediaFramework.framework in Frameworks */,
				020EF3E92100875200081561 /* libSocialSina.a in Frameworks */,
				0278721720FF3DB000C306AE /* OpenGLES.framework in Frameworks */,
				0278721520FF3DA600C306AE /* MobileCoreServices.framework in Frameworks */,
				0278721320FF3D9900C306AE /* MediaPlayer.framework in Frameworks */,
				020EF3E52100870E00081561 /* UMShare.framework in Frameworks */,
				0278720F20FF3D7D00C306AE /* libbz2.tbd in Frameworks */,
				0278720D20FF3D6E00C306AE /* CoreVideo.framework in Frameworks */,
				0278720B20FF3D6200C306AE /* CoreMedia.framework in Frameworks */,
				0278720520FF3D3200C306AE /* AudioToolbox.framework in Frameworks */,
				0278720120FF3B2600C306AE /* AVFoundation.framework in Frameworks */,
				953BFA54090E4856F3D2683D /* libPods-InkePlayer.a in Frameworks */,
			);
			runOnlyForDeploymentPostprocessing = 0;
		};
/* End PBXFrameworksBuildPhase section */

/* Begin PBXGroup section */
		020EF3E62100875100081561 /* Sina */ = {
			isa = PBXGroup;
			children = (
				020EF3E72100875100081561 /* libSocialSina.a */,
				020EF3E82100875100081561 /* UMSocialSinaHandler.h */,
			);
			path = Sina;
			sourceTree = "<group>";
		};
		020EF3EA210087A200081561 /* UMSocialUI */ = {
			isa = PBXGroup;
			children = (
				020EF3EB210087A200081561 /* UMSocialSDKResources.bundle */,
				020EF3EC210087A200081561 /* UShareUI.framework */,
			);
			path = UMSocialUI;
			sourceTree = "<group>";
		};
		021567D82105D4450099A88F /* Model */ = {
			isa = PBXGroup;
			children = (
				028BE8CE2105E71F002F9788 /* SXTSetting.h */,
				028BE8CF2105E71F002F9788 /* SXTSetting.m */,
			);
			path = Model;
			sourceTree = "<group>";
		};
		021567D92105D4450099A88F /* View */ = {
			isa = PBXGroup;
			children = (
				021567DA2105D46D0099A88F /* SXTMeInfoView.h */,
				021567DB2105D46D0099A88F /* SXTMeInfoView.m */,
				021567DD2105D4840099A88F /* SXTMeInfoView.xib */,
			);
			path = View;
			sourceTree = "<group>";
		};
		023A901A20FDC87200AD130C = {
			isa = PBXGroup;
			children = (
				023A902520FDC87200AD130C /* InkePlayer */,
				023A902420FDC87200AD130C /* Products */,
				ADA3CF8DE93CF61F8C7A9D75 /* Pods */,
				9A902700F3AB26A42F4EF3B4 /* Frameworks */,
			);
			sourceTree = "<group>";
		};
		023A902420FDC87200AD130C /* Products */ = {
			isa = PBXGroup;
			children = (
				023A902320FDC87200AD130C /* InkePlayer.app */,
			);
			name = Products;
			sourceTree = "<group>";
		};
		023A902520FDC87200AD130C /* InkePlayer */ = {
			isa = PBXGroup;
			children = (
				023A903C20FDC9E000AD130C /* Class */,
				023A904520FDC9E000AD130C /* Supporting Files */,
			);
			path = InkePlayer;
			sourceTree = "<group>";
		};
		023A903C20FDC9E000AD130C /* Class */ = {
			isa = PBXGroup;
			children = (
				0278793A20FF5D3D00C306AE /* Helper */,
				0278793B20FF5D3D00C306AE /* Lib */,
				023A903D20FDC9E000AD130C /* Show */,
				023A903E20FDC9E000AD130C /* NetWork */,
				023A903F20FDC9E000AD130C /* Other */,
				023A904020FDC9E000AD130C /* Me */,
				023A904420FDC9E000AD130C /* Base */,
			);
			path = Class;
			sourceTree = "<group>";
		};
		023A903D20FDC9E000AD130C /* Show */ = {
			isa = PBXGroup;
			children = (
				023A905320FDE46300AD130C /* Controller */,
				023A905120FDE46300AD130C /* Handler */,
				023A905020FDE46300AD130C /* Model */,
				023A905220FDE46300AD130C /* View */,
			);
			path = Show;
			sourceTree = "<group>";
		};
		023A903E20FDC9E000AD130C /* NetWork */ = {
			isa = PBXGroup;
			children = (
				027871E320FED9B600C306AE /* APIConfig.h */,
				027871E720FEE3DD00C306AE /* HttpTool.h */,
				027871E820FEE3DE00C306AE /* HttpTool.m */,
				027871E420FEDEAB00C306AE /* UIImageView+SDWebImage.h */,
				027871E520FEDEAB00C306AE /* UIImageView+SDWebImage.m */,
			);
			path = NetWork;
			sourceTree = "<group>";
		};
		023A903F20FDC9E000AD130C /* Other */ = {
			isa = PBXGroup;
			children = (
				023A902620FDC87200AD130C /* AppDelegate.h */,
				023A902720FDC87200AD130C /* AppDelegate.m */,
				020EF3D72100812200081561 /* AppDelegate+SXTUmeng.h */,
				020EF3D82100812200081561 /* AppDelegate+SXTUmeng.m */,
				023A902920FDC87200AD130C /* ViewController.h */,
				023A902A20FDC87200AD130C /* ViewController.m */,
				023A904620FDCC9400AD130C /* yingke.pch */,
				023A904920FDDB5D00AD130C /* Yingke.h */,
				027871F620FEF30800C306AE /* MJExtensionConfig.h */,
				027871F720FEF30800C306AE /* MJExtensionConfig.m */,
				02A6D72E21001FD0004492BA /* SXTAdvertiseView.h */,
				02A6D72F21001FD0004492BA /* SXTAdvertiseView.m */,
				02A6D73121002028004492BA /* SXTAdvertiseView.xib */,
			);
			path = Other;
			sourceTree = "<group>";
		};
		023A904020FDC9E000AD130C /* Me */ = {
			isa = PBXGroup;
			children = (
				021567D82105D4450099A88F /* Model */,
				021567D92105D4450099A88F /* View */,
				02F6971E20FE14520045203C /* SXTLoginViewController.h */,
				02F6971F20FE14520045203C /* SXTLoginViewController.m */,
				02F6972020FE14520045203C /* SXTLoginViewController.xib */,
				021567D32105D3EE0099A88F /* SXTMeViewController.h */,
				021567D42105D3EE0099A88F /* SXTMeViewController.m */,
				021567D52105D3EE0099A88F /* SXTMeViewController.xib */,
			);
			path = Me;
			sourceTree = "<group>";
		};
		023A904420FDC9E000AD130C /* Base */ = {
			isa = PBXGroup;
			children = (
				023A904A20FDDC8800AD130C /* SXTTabBarViewController.h */,
				023A904B20FDDC8800AD130C /* SXTTabBarViewController.m */,
				023A906120FDE5E800AD130C /* SXTNaVigationController.h */,
				023A906220FDE5E800AD130C /* SXTNaVigationController.m */,
				023A904D20FDDCB100AD130C /* SXTTabBar.h */,
				023A904E20FDDCB100AD130C /* SXTTabBar.m */,
				023A905420FDE49400AD130C /* BaseViewController.h */,
				023A905520FDE49400AD130C /* BaseViewController.m */,
				027871EA20FEE95100C306AE /* SXTBaseHandle.h */,
				027871EB20FEE95100C306AE /* SXTBaseHandle.m */,
			);
			path = Base;
			sourceTree = "<group>";
		};
		023A904520FDC9E000AD130C /* Supporting Files */ = {
			isa = PBXGroup;
			children = (
				023A903120FDC87A00AD130C /* LaunchScreen.storyboard */,
				023A903420FDC87A00AD130C /* Info.plist */,
				023A902C20FDC87200AD130C /* Main.storyboard */,
				023A902F20FDC87A00AD130C /* Assets.xcassets */,
				023A903520FDC87A00AD130C /* main.m */,
			);
			path = "Supporting Files";
			sourceTree = "<group>";
		};
		023A905020FDE46300AD130C /* Model */ = {
			isa = PBXGroup;
			children = (
				027871F020FEF08600C306AE /* SXTLive.h */,
				027871F120FEF08600C306AE /* SXTLive.m */,
				027871F320FEF0DA00C306AE /* SXTCreater.h */,
				027871F420FEF0DA00C306AE /* SXTCreater.m */,
				02A6D72B21001E81004492BA /* SXTAdvertise.h */,
				02A6D72C21001E81004492BA /* SXTAdvertise.m */,
			);
			path = Model;
			sourceTree = "<group>";
		};
		023A905120FDE46300AD130C /* Handler */ = {
			isa = PBXGroup;
			children = (
				027871ED20FEEAA900C306AE /* SXTLiveHandler.h */,
				027871EE20FEEAA900C306AE /* SXTLiveHandler.m */,
			);
			path = Handler;
			sourceTree = "<group>";
		};
		023A905220FDE46300AD130C /* View */ = {
			isa = PBXGroup;
			children = (
				02A6D73C21006648004492BA /* LFLivePreview.h */,
				02A6D73B21006647004492BA /* LFLivePreview.m */,
				023A907820FE08A300AD130C /* SXTMainTopView.h */,
				023A907920FE08A300AD130C /* SXTMainTopView.m */,
				027871F920FF0CE700C306AE /* SXTLiveCell.h */,
				027871FA20FF0CE700C306AE /* SXTLiveCell.m */,
				027871FB20FF0CE700C306AE /* SXTLiveCell.xib */,
				0278793F20FF6AEE00C306AE /* SXTNearCollectionCell.h */,
				0278794020FF6AEE00C306AE /* SXTNearCollectionCell.m */,
				0278794120FF6AEE00C306AE /* SXTNearCollectionCell.xib */,
			);
			path = View;
			sourceTree = "<group>";
		};
		023A905320FDE46300AD130C /* Controller */ = {
			isa = PBXGroup;
			children = (
				023A905720FDE4B800AD130C /* SXTMainController.h */,
				023A905820FDE4B800AD130C /* SXTMainController.m */,
				023A905920FDE4B800AD130C /* SXTMainController.xib */,
				023A906920FDFCFD00AD130C /* XSTFucusViewController.h */,
				023A906A20FDFCFD00AD130C /* XSTFucusViewController.m */,
				023A906B20FDFCFD00AD130C /* XSTFucusViewController.xib */,
				023A906E20FDFD1F00AD130C /* SXTHotViewController.h */,
				023A906F20FDFD1F00AD130C /* SXTHotViewController.m */,
				027871FE20FF310000C306AE /* SXTHotViewController.xib */,
				023A907320FDFD4000AD130C /* SXTNearViewController.h */,
				023A907420FDFD4000AD130C /* SXTNearViewController.m */,
				023A907520FDFD4000AD130C /* SXTNearViewController.xib */,
				023A905C20FDE4D800AD130C /* SXTMeController.h */,
				023A905D20FDE4D800AD130C /* SXTMeController.m */,
				023A905E20FDE4D800AD130C /* SXTMeController.xib */,
				023A906420FDF59E00AD130C /* SXTLauchViewController.h */,
				023A906520FDF59E00AD130C /* SXTLauchViewController.m */,
				023A906620FDF59E00AD130C /* SXTLauchViewController.xib */,
				0278793220FF421A00C306AE /* SXTPlayerViewController.h */,
				0278793320FF421A00C306AE /* SXTPlayerViewController.m */,
				0278793520FF50E200C306AE /* SXTChatViewController.h */,
				0278793620FF50E200C306AE /* SXTChatViewController.m */,
				0278793720FF50E200C306AE /* SXTChatViewController.xib */,
			);
			path = Controller;
			sourceTree = "<group>";
		};
		0278793A20FF5D3D00C306AE /* Helper */ = {
			isa = PBXGroup;
			children = (
				02A6D737210022A6004492BA /* Tools */,
				02A6D733210021D7004492BA /* Catergories */,
				0278793C20FF5D6B00C306AE /* SXTLocationManager.h */,
				0278793D20FF5D6B00C306AE /* SXTLocationManager.m */,
			);
			path = Helper;
			sourceTree = "<group>";
		};
		0278793B20FF5D3D00C306AE /* Lib */ = {
			isa = PBXGroup;
			children = (
				020EF3EA210087A200081561 /* UMSocialUI */,
				020EF3E62100875100081561 /* Sina */,
			);
			path = Lib;
			sourceTree = "<group>";
		};
		02A6D733210021D7004492BA /* Catergories */ = {
			isa = PBXGroup;
			children = (
				02A6D734210021F7004492BA /* NSString+CachePath.h */,
				02A6D735210021F7004492BA /* NSString+CachePath.m */,
			);
			path = Catergories;
			sourceTree = "<group>";
		};
		02A6D737210022A6004492BA /* Tools */ = {
			isa = PBXGroup;
			children = (
				020EF3F8210095AC00081561 /* SXTUserHelper.h */,
				020EF3F7210095AC00081561 /* SXTUserHelper.m */,
				02A6D738210022C5004492BA /* SXTCacheHelper.h */,
				02A6D739210022C5004492BA /* SXTCacheHelper.m */,
			);
			path = Tools;
			sourceTree = "<group>";
		};
		9A902700F3AB26A42F4EF3B4 /* Frameworks */ = {
			isa = PBXGroup;
			children = (
				020EF3F52100881900081561 /* ImageIO.framework */,
				020EF3F32100880E00081561 /* SystemConfiguration.framework */,
				020EF3F12100880400081561 /* CoreTelephony.framework */,
				020EF3EF210087E500081561 /* Photos.framework */,
				020EF3E42100870E00081561 /* UMShare.framework */,
				020EF3E2210086F400081561 /* UMCommon.framework */,
				020EF3E02100850400081561 /* libsqlite3.tbd */,
				0278793020FF418C00C306AE /* IJKMediaFramework.framework */,
				0278721C20FF3DDA00C306AE /* VideoToolbox.framework */,
				0278721A20FF3DC600C306AE /* UIKit.framework */,
				0278721820FF3DBB00C306AE /* QuartzCore.framework */,
				0278721620FF3DB000C306AE /* OpenGLES.framework */,
				0278721420FF3DA600C306AE /* MobileCoreServices.framework */,
				0278721220FF3D9900C306AE /* MediaPlayer.framework */,
				0278721020FF3D8900C306AE /* libz.tbd */,
				0278720E20FF3D7D00C306AE /* libbz2.tbd */,
				0278720C20FF3D6E00C306AE /* CoreVideo.framework */,
				0278720A20FF3D6200C306AE /* CoreMedia.framework */,
				0278720820FF3D4C00C306AE /* CoreData.framework */,
				0278720620FF3D3F00C306AE /* CoreGraphics.framework */,
				0278720420FF3D3200C306AE /* AudioToolbox.framework */,
				0278720020FF3B2600C306AE /* AVFoundation.framework */,
				B37ECD0F5C5B3337F1ED0BE2 /* libPods-InkePlayer.a */,
			);
			name = Frameworks;
			sourceTree = "<group>";
		};
		ADA3CF8DE93CF61F8C7A9D75 /* Pods */ = {
			isa = PBXGroup;
			children = (
				6B6B1CAE27E8FD5CECA70104 /* Pods-InkePlayer.debug.xcconfig */,
				3DB9B518D1C00361439CA32B /* Pods-InkePlayer.release.xcconfig */,
			);
			name = Pods;
			sourceTree = "<group>";
		};
/* End PBXGroup section */

/* Begin PBXNativeTarget section */
		023A902220FDC87200AD130C /* InkePlayer */ = {
			isa = PBXNativeTarget;
			buildConfigurationList = 023A903920FDC87A00AD130C /* Build configuration list for PBXNativeTarget "InkePlayer" */;
			buildPhases = (
				A62DA68638FF3DB8AB4E48BC /* [CP] Check Pods Manifest.lock */,
				023A901F20FDC87200AD130C /* Sources */,
				023A902020FDC87200AD130C /* Frameworks */,
				023A902120FDC87200AD130C /* Resources */,
				3DBC933B6F93AC1D2EA4D4DD /* [CP] Copy Pods Resources */,
			);
			buildRules = (
			);
			dependencies = (
			);
			name = InkePlayer;
			productName = InkePlayer;
			productReference = 023A902320FDC87200AD130C /* InkePlayer.app */;
			productType = "com.apple.product-type.application";
		};
/* End PBXNativeTarget section */

/* Begin PBXProject section */
		023A901B20FDC87200AD130C /* Project object */ = {
			isa = PBXProject;
			attributes = {
				LastUpgradeCheck = 0940;
				ORGANIZATIONNAME = sd;
				TargetAttributes = {
					023A902220FDC87200AD130C = {
						CreatedOnToolsVersion = 9.4.1;
					};
				};
			};
			buildConfigurationList = 023A901E20FDC87200AD130C /* Build configuration list for PBXProject "InkePlayer" */;
			compatibilityVersion = "Xcode 9.3";
			developmentRegion = en;
			hasScannedForEncodings = 0;
			knownRegions = (
				en,
				Base,
				"zh-Hans",
			);
			mainGroup = 023A901A20FDC87200AD130C;
			productRefGroup = 023A902420FDC87200AD130C /* Products */;
			projectDirPath = "";
			projectRoot = "";
			targets = (
				023A902220FDC87200AD130C /* InkePlayer */,
			);
		};
/* End PBXProject section */

/* Begin PBXResourcesBuildPhase section */
		023A902120FDC87200AD130C /* Resources */ = {
			isa = PBXResourcesBuildPhase;
			buildActionMask = 2147483647;
			files = (
				027871FF20FF310000C306AE /* SXTHotViewController.xib in Resources */,
				02F6972220FE14520045203C /* SXTLoginViewController.xib in Resources */,
				023A903320FDC87A00AD130C /* LaunchScreen.storyboard in Resources */,
				023A903020FDC87A00AD130C /* Assets.xcassets in Resources */,
				0278793920FF50E200C306AE /* SXTChatViewController.xib in Resources */,
				023A906820FDF59F00AD130C /* SXTLauchViewController.xib in Resources */,
				023A905B20FDE4B800AD130C /* SXTMainController.xib in Resources */,
				0278794320FF6AEE00C306AE /* SXTNearCollectionCell.xib in Resources */,
				021567D72105D3EE0099A88F /* SXTMeViewController.xib in Resources */,
				023A906D20FDFCFD00AD130C /* XSTFucusViewController.xib in Resources */,
				021567DE2105D4840099A88F /* SXTMeInfoView.xib in Resources */,
				027871FD20FF0CE700C306AE /* SXTLiveCell.xib in Resources */,
				023A907720FDFD4000AD130C /* SXTNearViewController.xib in Resources */,
				023A902E20FDC87200AD130C /* Main.storyboard in Resources */,
				02A6D73221002028004492BA /* SXTAdvertiseView.xib in Resources */,
				023A906020FDE4D800AD130C /* SXTMeController.xib in Resources */,
				020EF3ED210087A200081561 /* UMSocialSDKResources.bundle in Resources */,
			);
			runOnlyForDeploymentPostprocessing = 0;
		};
/* End PBXResourcesBuildPhase section */

/* Begin PBXShellScriptBuildPhase section */
		3DBC933B6F93AC1D2EA4D4DD /* [CP] Copy Pods Resources */ = {
			isa = PBXShellScriptBuildPhase;
			buildActionMask = 2147483647;
			files = (
			);
			inputPaths = (
				"${SRCROOT}/Pods/Target Support Files/Pods-InkePlayer/Pods-InkePlayer-resources.sh",
				"${PODS_ROOT}/MJRefresh/MJRefresh/MJRefresh.bundle",
			);
			name = "[CP] Copy Pods Resources";
			outputPaths = (
				"${TARGET_BUILD_DIR}/${UNLOCALIZED_RESOURCES_FOLDER_PATH}/MJRefresh.bundle",
			);
			runOnlyForDeploymentPostprocessing = 0;
			shellPath = /bin/sh;
			shellScript = "\"${SRCROOT}/Pods/Target Support Files/Pods-InkePlayer/Pods-InkePlayer-resources.sh\"\n";
			showEnvVarsInLog = 0;
		};
		A62DA68638FF3DB8AB4E48BC /* [CP] Check Pods Manifest.lock */ = {
			isa = PBXShellScriptBuildPhase;
			buildActionMask = 2147483647;
			files = (
			);
			inputPaths = (
				"${PODS_PODFILE_DIR_PATH}/Podfile.lock",
				"${PODS_ROOT}/Manifest.lock",
			);
			name = "[CP] Check Pods Manifest.lock";
			outputPaths = (
				"$(DERIVED_FILE_DIR)/Pods-InkePlayer-checkManifestLockResult.txt",
			);
			runOnlyForDeploymentPostprocessing = 0;
			shellPath = /bin/sh;
			shellScript = "diff \"${PODS_PODFILE_DIR_PATH}/Podfile.lock\" \"${PODS_ROOT}/Manifest.lock\" > /dev/null\nif [ $? != 0 ] ; then\n    # print error to STDERR\n    echo \"error: The sandbox is not in sync with the Podfile.lock. Run 'pod install' or update your CocoaPods installation.\" >&2\n    exit 1\nfi\n# This output is used by Xcode 'outputs' to avoid re-running this script phase.\necho \"SUCCESS\" > \"${SCRIPT_OUTPUT_FILE_0}\"\n";
			showEnvVarsInLog = 0;
		};
/* End PBXShellScriptBuildPhase section */

/* Begin PBXSourcesBuildPhase section */
		023A901F20FDC87200AD130C /* Sources */ = {
			isa = PBXSourcesBuildPhase;
			buildActionMask = 2147483647;
			files = (
				023A902B20FDC87200AD130C /* ViewController.m in Sources */,
				0278793820FF50E200C306AE /* SXTChatViewController.m in Sources */,
				023A905F20FDE4D800AD130C /* SXTMeController.m in Sources */,
				027871E920FEE3DE00C306AE /* HttpTool.m in Sources */,
				02A6D73A210022C5004492BA /* SXTCacheHelper.m in Sources */,
				027871E620FEDEAB00C306AE /* UIImageView+SDWebImage.m in Sources */,
				023A906720FDF59F00AD130C /* SXTLauchViewController.m in Sources */,
				023A905620FDE49400AD130C /* BaseViewController.m in Sources */,
				027871F820FEF30800C306AE /* MJExtensionConfig.m in Sources */,
				027871F520FEF0DA00C306AE /* SXTCreater.m in Sources */,
				02F6972120FE14520045203C /* SXTLoginViewController.m in Sources */,
				027871F220FEF08600C306AE /* SXTLive.m in Sources */,
				028BE8D02105E71F002F9788 /* SXTSetting.m in Sources */,
				020EF3F9210095AC00081561 /* SXTUserHelper.m in Sources */,
				02A6D72D21001E81004492BA /* SXTAdvertise.m in Sources */,
				021567DC2105D46D0099A88F /* SXTMeInfoView.m in Sources */,
				023A903620FDC87A00AD130C /* main.m in Sources */,
				020EF3D92100812200081561 /* AppDelegate+SXTUmeng.m in Sources */,
				02A6D73D21006648004492BA /* LFLivePreview.m in Sources */,
				0278794220FF6AEE00C306AE /* SXTNearCollectionCell.m in Sources */,
				021567D62105D3EE0099A88F /* SXTMeViewController.m in Sources */,
				023A906C20FDFCFD00AD130C /* XSTFucusViewController.m in Sources */,
				023A907120FDFD1F00AD130C /* SXTHotViewController.m in Sources */,
				0278793E20FF5D6B00C306AE /* SXTLocationManager.m in Sources */,
				023A904F20FDDCB100AD130C /* SXTTabBar.m in Sources */,
				023A905A20FDE4B800AD130C /* SXTMainController.m in Sources */,
				023A904C20FDDC8800AD130C /* SXTTabBarViewController.m in Sources */,
				023A906320FDE5E800AD130C /* SXTNaVigationController.m in Sources */,
				02A6D736210021F7004492BA /* NSString+CachePath.m in Sources */,
				02A6D73021001FD0004492BA /* SXTAdvertiseView.m in Sources */,
				027871EF20FEEAA900C306AE /* SXTLiveHandler.m in Sources */,
				023A907A20FE08A300AD130C /* SXTMainTopView.m in Sources */,
				023A902820FDC87200AD130C /* AppDelegate.m in Sources */,
				027871EC20FEE95100C306AE /* SXTBaseHandle.m in Sources */,
				027871FC20FF0CE700C306AE /* SXTLiveCell.m in Sources */,
				023A907620FDFD4000AD130C /* SXTNearViewController.m in Sources */,
				0278793420FF421A00C306AE /* SXTPlayerViewController.m in Sources */,
			);
			runOnlyForDeploymentPostprocessing = 0;
		};
/* End PBXSourcesBuildPhase section */

/* Begin PBXVariantGroup section */
		023A902C20FDC87200AD130C /* Main.storyboard */ = {
			isa = PBXVariantGroup;
			children = (
				023A902D20FDC87200AD130C /* Base */,
			);
			name = Main.storyboard;
			sourceTree = "<group>";
		};
		023A903120FDC87A00AD130C /* LaunchScreen.storyboard */ = {
			isa = PBXVariantGroup;
			children = (
				023A903220FDC87A00AD130C /* Base */,
			);
			name = LaunchScreen.storyboard;
			sourceTree = "<group>";
		};
/* End PBXVariantGroup section */

/* Begin XCBuildConfiguration section */
		023A903720FDC87A00AD130C /* Debug */ = {
			isa = XCBuildConfiguration;
			buildSettings = {
				ALWAYS_SEARCH_USER_PATHS = NO;
				CLANG_ANALYZER_NONNULL = YES;
				CLANG_ANALYZER_NUMBER_OBJECT_CONVERSION = YES_AGGRESSIVE;
				CLANG_CXX_LANGUAGE_STANDARD = "gnu++14";
				CLANG_CXX_LIBRARY = "libc++";
				CLANG_ENABLE_MODULES = YES;
				CLANG_ENABLE_OBJC_ARC = YES;
				CLANG_ENABLE_OBJC_WEAK = YES;
				CLANG_WARN_BLOCK_CAPTURE_AUTORELEASING = YES;
				CLANG_WARN_BOOL_CONVERSION = YES;
				CLANG_WARN_COMMA = YES;
				CLANG_WARN_CONSTANT_CONVERSION = YES;
				CLANG_WARN_DEPRECATED_OBJC_IMPLEMENTATIONS = YES;
				CLANG_WARN_DIRECT_OBJC_ISA_USAGE = YES_ERROR;
				CLANG_WARN_DOCUMENTATION_COMMENTS = YES;
				CLANG_WARN_EMPTY_BODY = YES;
				CLANG_WARN_ENUM_CONVERSION = YES;
				CLANG_WARN_INFINITE_RECURSION = YES;
				CLANG_WARN_INT_CONVERSION = YES;
				CLANG_WARN_NON_LITERAL_NULL_CONVERSION = YES;
				CLANG_WARN_OBJC_IMPLICIT_RETAIN_SELF = YES;
				CLANG_WARN_OBJC_LITERAL_CONVERSION = YES;
				CLANG_WARN_OBJC_ROOT_CLASS = YES_ERROR;
				CLANG_WARN_RANGE_LOOP_ANALYSIS = YES;
				CLANG_WARN_STRICT_PROTOTYPES = YES;
				CLANG_WARN_SUSPICIOUS_MOVE = YES;
				CLANG_WARN_UNGUARDED_AVAILABILITY = YES_AGGRESSIVE;
				CLANG_WARN_UNREACHABLE_CODE = YES;
				CLANG_WARN__DUPLICATE_METHOD_MATCH = YES;
				CODE_SIGN_IDENTITY = "iPhone Developer";
				COPY_PHASE_STRIP = NO;
				DEBUG_INFORMATION_FORMAT = dwarf;
				ENABLE_STRICT_OBJC_MSGSEND = YES;
				ENABLE_TESTABILITY = YES;
				GCC_C_LANGUAGE_STANDARD = gnu11;
				GCC_DYNAMIC_NO_PIC = NO;
				GCC_NO_COMMON_BLOCKS = YES;
				GCC_OPTIMIZATION_LEVEL = 0;
				GCC_PREPROCESSOR_DEFINITIONS = (
					"DEBUG=1",
					"$(inherited)",
				);
				GCC_WARN_64_TO_32_BIT_CONVERSION = YES;
				GCC_WARN_ABOUT_RETURN_TYPE = YES_ERROR;
				GCC_WARN_UNDECLARED_SELECTOR = YES;
				GCC_WARN_UNINITIALIZED_AUTOS = YES_AGGRESSIVE;
				GCC_WARN_UNUSED_FUNCTION = YES;
				GCC_WARN_UNUSED_VARIABLE = YES;
				IPHONEOS_DEPLOYMENT_TARGET = 11.4;
				MTL_ENABLE_DEBUG_INFO = YES;
				ONLY_ACTIVE_ARCH = YES;
				SDKROOT = iphoneos;
			};
			name = Debug;
		};
		023A903820FDC87A00AD130C /* Release */ = {
			isa = XCBuildConfiguration;
			buildSettings = {
				ALWAYS_SEARCH_USER_PATHS = NO;
				CLANG_ANALYZER_NONNULL = YES;
				CLANG_ANALYZER_NUMBER_OBJECT_CONVERSION = YES_AGGRESSIVE;
				CLANG_CXX_LANGUAGE_STANDARD = "gnu++14";
				CLANG_CXX_LIBRARY = "libc++";
				CLANG_ENABLE_MODULES = YES;
				CLANG_ENABLE_OBJC_ARC = YES;
				CLANG_ENABLE_OBJC_WEAK = YES;
				CLANG_WARN_BLOCK_CAPTURE_AUTORELEASING = YES;
				CLANG_WARN_BOOL_CONVERSION = YES;
				CLANG_WARN_COMMA = YES;
				CLANG_WARN_CONSTANT_CONVERSION = YES;
				CLANG_WARN_DEPRECATED_OBJC_IMPLEMENTATIONS = YES;
				CLANG_WARN_DIRECT_OBJC_ISA_USAGE = YES_ERROR;
				CLANG_WARN_DOCUMENTATION_COMMENTS = YES;
				CLANG_WARN_EMPTY_BODY = YES;
				CLANG_WARN_ENUM_CONVERSION = YES;
				CLANG_WARN_INFINITE_RECURSION = YES;
				CLANG_WARN_INT_CONVERSION = YES;
				CLANG_WARN_NON_LITERAL_NULL_CONVERSION = YES;
				CLANG_WARN_OBJC_IMPLICIT_RETAIN_SELF = YES;
				CLANG_WARN_OBJC_LITERAL_CONVERSION = YES;
				CLANG_WARN_OBJC_ROOT_CLASS = YES_ERROR;
				CLANG_WARN_RANGE_LOOP_ANALYSIS = YES;
				CLANG_WARN_STRICT_PROTOTYPES = YES;
				CLANG_WARN_SUSPICIOUS_MOVE = YES;
				CLANG_WARN_UNGUARDED_AVAILABILITY = YES_AGGRESSIVE;
				CLANG_WARN_UNREACHABLE_CODE = YES;
				CLANG_WARN__DUPLICATE_METHOD_MATCH = YES;
				CODE_SIGN_IDENTITY = "iPhone Developer";
				COPY_PHASE_STRIP = NO;
				DEBUG_INFORMATION_FORMAT = "dwarf-with-dsym";
				ENABLE_NS_ASSERTIONS = NO;
				ENABLE_STRICT_OBJC_MSGSEND = YES;
				GCC_C_LANGUAGE_STANDARD = gnu11;
				GCC_NO_COMMON_BLOCKS = YES;
				GCC_WARN_64_TO_32_BIT_CONVERSION = YES;
				GCC_WARN_ABOUT_RETURN_TYPE = YES_ERROR;
				GCC_WARN_UNDECLARED_SELECTOR = YES;
				GCC_WARN_UNINITIALIZED_AUTOS = YES_AGGRESSIVE;
				GCC_WARN_UNUSED_FUNCTION = YES;
				GCC_WARN_UNUSED_VARIABLE = YES;
				IPHONEOS_DEPLOYMENT_TARGET = 11.4;
				MTL_ENABLE_DEBUG_INFO = NO;
				SDKROOT = iphoneos;
				VALIDATE_PRODUCT = YES;
			};
			name = Release;
		};
		023A903A20FDC87A00AD130C /* Debug */ = {
			isa = XCBuildConfiguration;
			baseConfigurationReference = 6B6B1CAE27E8FD5CECA70104 /* Pods-InkePlayer.debug.xcconfig */;
			buildSettings = {
				ASSETCATALOG_COMPILER_APPICON_NAME = AppIcon;
				CODE_SIGN_STYLE = Automatic;
				DEVELOPMENT_TEAM = 24BEZTSJ88;
				FRAMEWORK_SEARCH_PATHS = (
					"$(inherited)",
					"$(PROJECT_DIR)/InkePlayer/Supporting\\ Files",
					"$(PROJECT_DIR)/Pods/YYKit/Vendor",
					"$(PROJECT_DIR)",
					"$(PROJECT_DIR)/InkePlayer/Class/Lib/UMSocialUI",
				);
				GCC_PREFIX_HEADER = "$(SRCROOT)/InkePlayer/Class/Other/yingke.pch";
				INFOPLIST_FILE = "$(SRCROOT)/InkePlayer/Supporting Files/Info.plist";
				IPHONEOS_DEPLOYMENT_TARGET = 8.0;
				LD_RUNPATH_SEARCH_PATHS = (
					"$(inherited)",
					"@executable_path/Frameworks",
				);
				LIBRARY_SEARCH_PATHS = (
					"$(inherited)",
					"$(PROJECT_DIR)/InkePlayer/Class/Lib/UMSocial_Sdk_5.2.1",
					"$(PROJECT_DIR)/InkePlayer/Class/Lib/UMSocial_Sdk_Extra_Frameworks/SinaSSO",
					"$(PROJECT_DIR)/InkePlayer/Class/Lib/Sina",
				);
				PRODUCT_BUNDLE_IDENTIFIER = com.Daying.GroupPurchaseBeta;
				PRODUCT_NAME = "$(TARGET_NAME)";
				TARGETED_DEVICE_FAMILY = "1,2";
			};
			name = Debug;
		};
		023A903B20FDC87A00AD130C /* Release */ = {
			isa = XCBuildConfiguration;
			baseConfigurationReference = 3DB9B518D1C00361439CA32B /* Pods-InkePlayer.release.xcconfig */;
			buildSettings = {
				ASSETCATALOG_COMPILER_APPICON_NAME = AppIcon;
				CODE_SIGN_STYLE = Automatic;
				DEVELOPMENT_TEAM = 24BEZTSJ88;
				FRAMEWORK_SEARCH_PATHS = (
					"$(inherited)",
					"$(PROJECT_DIR)/InkePlayer/Supporting\\ Files",
					"$(PROJECT_DIR)/Pods/YYKit/Vendor",
					"$(PROJECT_DIR)",
					"$(PROJECT_DIR)/InkePlayer/Class/Lib/UMSocialUI",
				);
				GCC_PREFIX_HEADER = "$(SRCROOT)/InkePlayer/Class/Other/yingke.pch";
				INFOPLIST_FILE = "$(SRCROOT)/InkePlayer/Supporting Files/Info.plist";
				IPHONEOS_DEPLOYMENT_TARGET = 8.0;
				LD_RUNPATH_SEARCH_PATHS = (
					"$(inherited)",
					"@executable_path/Frameworks",
				);
				LIBRARY_SEARCH_PATHS = (
					"$(inherited)",
					"$(PROJECT_DIR)/InkePlayer/Class/Lib/UMSocial_Sdk_5.2.1",
					"$(PROJECT_DIR)/InkePlayer/Class/Lib/UMSocial_Sdk_Extra_Frameworks/SinaSSO",
					"$(PROJECT_DIR)/InkePlayer/Class/Lib/Sina",
				);
				PRODUCT_BUNDLE_IDENTIFIER = com.Daying.GroupPurchaseBeta;
				PRODUCT_NAME = "$(TARGET_NAME)";
				TARGETED_DEVICE_FAMILY = "1,2";
			};
			name = Release;
		};
/* End XCBuildConfiguration section */

/* Begin XCConfigurationList section */
		023A901E20FDC87200AD130C /* Build configuration list for PBXProject "InkePlayer" */ = {
			isa = XCConfigurationList;
			buildConfigurations = (
				023A903720FDC87A00AD130C /* Debug */,
				023A903820FDC87A00AD130C /* Release */,
			);
			defaultConfigurationIsVisible = 0;
			defaultConfigurationName = Release;
		};
		023A903920FDC87A00AD130C /* Build configuration list for PBXNativeTarget "InkePlayer" */ = {
			isa = XCConfigurationList;
			buildConfigurations = (
				023A903A20FDC87A00AD130C /* Debug */,
				023A903B20FDC87A00AD130C /* Release */,
			);
			defaultConfigurationIsVisible = 0;
			defaultConfigurationName = Release;
		};
/* End XCConfigurationList section */
	};
	rootObject = 023A901B20FDC87200AD130C /* Project object */;
}
